
Microsoft Visual Studio Solution File, Format Version 12.00
# Visual Studio 15
VisualStudioVersion = 15.0.27130.2010
MinimumVisualStudioVersion = 10.0.40219.1
Project("{9A19103F-16F7-4668-BE54-9A1E7A4F7556}") = "MethodBoundaryAspect.Fody", "MethodBoundaryAspect.Fody\MethodBoundaryAspect.Fody.csproj", "{30BA4684-A95A-4EC3-8EA7-CDE5B1F7E988}"
EndProject
Project("{9A19103F-16F7-4668-BE54-9A1E7A4F7556}") = "MethodBoundaryAspect", "MethodBoundaryAspect\MethodBoundaryAspect.csproj", "{647FC29E-DDD1-4122-81A1-7FCD7E915F0F}"
EndProject
Project("{9A19103F-16F7-4668-BE54-9A1E7A4F7556}") = "MethodBoundaryAspect.Fody.UnitTests.TestProgram.Net461", "MethodBoundaryAspect.Fody.UnitTests.TestProgram.Net461\MethodBoundaryAspect.Fody.UnitTests.TestProgram.Net461.csproj", "{7E47C6C3-391F-4A29-B8BE-9CACD07EF916}"
EndProject
Project("{9A19103F-16F7-4668-BE54-9A1E7A4F7556}") = "MethodBoundaryAspect.Fody.UnitTests.TestProgram.Shared.Aspects", "MethodBoundaryAspect.Fody.UnitTests.TestProgram.Shared.Aspects\MethodBoundaryAspect.Fody.UnitTests.TestProgram.Shared.Aspects.csproj", "{67B19A17-C595-4186-A0D7-E254CF5841F9}"
EndProject
Project("{9A19103F-16F7-4668-BE54-9A1E7A4F7556}") = "MethodBoundaryAspect.Fody.UnitTests.TestProgram.NetCore21", "MethodBoundaryAspect.Fody.UnitTests.TestProgram.NetCore21\MethodBoundaryAspect.Fody.UnitTests.TestProgram.NetCore21.csproj", "{4E8D1CC8-9100-4B57-BD40-1069E0FEEC37}"
EndProject
Project("{9A19103F-16F7-4668-BE54-9A1E7A4F7556}") = "MethodBoundaryAspect.Fody.UnitTests.Shared.TestAssemblyAspects", "MethodBoundaryAspect.Fody.UnitTests.Shared.TestAssemblyAspects\MethodBoundaryAspect.Fody.UnitTests.Shared.TestAssemblyAspects.csproj", "{C1E61876-61CC-4132-9695-FEBC0EEA20C9}"
EndProject
Project("{9A19103F-16F7-4668-BE54-9A1E7A4F7556}") = "MethodBoundaryAspect.Fody.UnitTests.Shared.UnverifiableTestAssembly", "MethodBoundaryAspect.Fody.UnitTests.Shared.UnverifiableTestAssembly\MethodBoundaryAspect.Fody.UnitTests.Shared.UnverifiableTestAssembly.csproj", "{F4F00FE8-4224-43D5-913C-92EEDA31FEA6}"
EndProject
Project("{9A19103F-16F7-4668-BE54-9A1E7A4F7556}") = "MethodBoundaryAspect.Fody.UnitTests.Shared", "MethodBoundaryAspect.Fody.UnitTests.Shared\MethodBoundaryAspect.Fody.UnitTests.Shared.csproj", "{E815D31F-07A2-4F92-A4F3-3BE358CA3767}"
EndProject
Project("{9A19103F-16F7-4668-BE54-9A1E7A4F7556}") = "MethodBoundaryAspect.Fody.UnitTests.Net461", "MethodBoundaryAspect.Fody.UnitTests.Net461\MethodBoundaryAspect.Fody.UnitTests.Net461.csproj", "{4DDBABF1-C32A-4EDE-A761-639D123DDB17}"
EndProject
Project("{9A19103F-16F7-4668-BE54-9A1E7A4F7556}") = "MethodBoundaryAspect.Fody.UnitTests.Net461.TestAssembly", "MethodBoundaryAspect.Fody.UnitTests.Net461.TestAssembly\MethodBoundaryAspect.Fody.UnitTests.Net461.TestAssembly.csproj", "{E2B461D1-715A-41FD-B63F-CE414645E039}"
EndProject
Project("{9A19103F-16F7-4668-BE54-9A1E7A4F7556}") = "MethodBoundaryAspect.Fody.UnitTests.NetCore21", "MethodBoundaryAspect.Fody.UnitTests.NetCore21\MethodBoundaryAspect.Fody.UnitTests.NetCore21.csproj", "{D39F163C-ACB0-412C-9EB1-992E03F110F1}"
EndProject
Project("{9A19103F-16F7-4668-BE54-9A1E7A4F7556}") = "MethodBoundaryAspect.Fody.UnitTests.NetCore21.TestAssembly", "MethodBoundaryAspect.Fody.UnitTests.NetCore21.TestAssembly\MethodBoundaryAspect.Fody.UnitTests.NetCore21.TestAssembly.csproj", "{8D839073-8F14-4C90-91EE-41CCCF2576FB}"
EndProject
Project("{9A19103F-16F7-4668-BE54-9A1E7A4F7556}") = "MethodBoundaryAspect.Fody.UnitTests.NetStandard2.TestAssembly", "MethodBoundaryAspect.Fody.UnitTests.NetStandard2.TestAssembly\MethodBoundaryAspect.Fody.UnitTests.NetStandard2.TestAssembly.csproj", "{B7491038-C1BD-46BE-BEA0-CA730099815F}"
EndProject
Global
	GlobalSection(SolutionConfigurationPlatforms) = preSolution
		Debug|Any CPU = Debug|Any CPU
		Release|Any CPU = Release|Any CPU
	EndGlobalSection
	GlobalSection(ProjectConfigurationPlatforms) = postSolution
		{30BA4684-A95A-4EC3-8EA7-CDE5B1F7E988}.Debug|Any CPU.ActiveCfg = Debug|Any CPU
		{30BA4684-A95A-4EC3-8EA7-CDE5B1F7E988}.Debug|Any CPU.Build.0 = Debug|Any CPU
		{30BA4684-A95A-4EC3-8EA7-CDE5B1F7E988}.Release|Any CPU.ActiveCfg = Release|Any CPU
		{30BA4684-A95A-4EC3-8EA7-CDE5B1F7E988}.Release|Any CPU.Build.0 = Release|Any CPU
		{647FC29E-DDD1-4122-81A1-7FCD7E915F0F}.Debug|Any CPU.ActiveCfg = Debug|Any CPU
		{647FC29E-DDD1-4122-81A1-7FCD7E915F0F}.Debug|Any CPU.Build.0 = Debug|Any CPU
		{647FC29E-DDD1-4122-81A1-7FCD7E915F0F}.Release|Any CPU.ActiveCfg = Release|Any CPU
		{647FC29E-DDD1-4122-81A1-7FCD7E915F0F}.Release|Any CPU.Build.0 = Release|Any CPU
		{7E47C6C3-391F-4A29-B8BE-9CACD07EF916}.Debug|Any CPU.ActiveCfg = Debug|Any CPU
		{7E47C6C3-391F-4A29-B8BE-9CACD07EF916}.Debug|Any CPU.Build.0 = Debug|Any CPU
		{7E47C6C3-391F-4A29-B8BE-9CACD07EF916}.Release|Any CPU.ActiveCfg = Release|Any CPU
		{7E47C6C3-391F-4A29-B8BE-9CACD07EF916}.Release|Any CPU.Build.0 = Release|Any CPU
		{67B19A17-C595-4186-A0D7-E254CF5841F9}.Debug|Any CPU.ActiveCfg = Debug|Any CPU
		{67B19A17-C595-4186-A0D7-E254CF5841F9}.Debug|Any CPU.Build.0 = Debug|Any CPU
		{67B19A17-C595-4186-A0D7-E254CF5841F9}.Release|Any CPU.ActiveCfg = Release|Any CPU
		{67B19A17-C595-4186-A0D7-E254CF5841F9}.Release|Any CPU.Build.0 = Release|Any CPU
		{4E8D1CC8-9100-4B57-BD40-1069E0FEEC37}.Debug|Any CPU.ActiveCfg = Debug|Any CPU
		{4E8D1CC8-9100-4B57-BD40-1069E0FEEC37}.Debug|Any CPU.Build.0 = Debug|Any CPU
		{4E8D1CC8-9100-4B57-BD40-1069E0FEEC37}.Release|Any CPU.ActiveCfg = Release|Any CPU
		{4E8D1CC8-9100-4B57-BD40-1069E0FEEC37}.Release|Any CPU.Build.0 = Release|Any CPU
		{C1E61876-61CC-4132-9695-FEBC0EEA20C9}.Debug|Any CPU.ActiveCfg = Debug|Any CPU
		{C1E61876-61CC-4132-9695-FEBC0EEA20C9}.Debug|Any CPU.Build.0 = Debug|Any CPU
		{C1E61876-61CC-4132-9695-FEBC0EEA20C9}.Release|Any CPU.ActiveCfg = Release|Any CPU
		{C1E61876-61CC-4132-9695-FEBC0EEA20C9}.Release|Any CPU.Build.0 = Release|Any CPU
		{F4F00FE8-4224-43D5-913C-92EEDA31FEA6}.Debug|Any CPU.ActiveCfg = Debug|Any CPU
		{F4F00FE8-4224-43D5-913C-92EEDA31FEA6}.Debug|Any CPU.Build.0 = Debug|Any CPU
		{F4F00FE8-4224-43D5-913C-92EEDA31FEA6}.Release|Any CPU.ActiveCfg = Release|Any CPU
		{F4F00FE8-4224-43D5-913C-92EEDA31FEA6}.Release|Any CPU.Build.0 = Release|Any CPU
		{E815D31F-07A2-4F92-A4F3-3BE358CA3767}.Debug|Any CPU.ActiveCfg = Debug|Any CPU
		{E815D31F-07A2-4F92-A4F3-3BE358CA3767}.Debug|Any CPU.Build.0 = Debug|Any CPU
		{E815D31F-07A2-4F92-A4F3-3BE358CA3767}.Release|Any CPU.ActiveCfg = Release|Any CPU
		{E815D31F-07A2-4F92-A4F3-3BE358CA3767}.Release|Any CPU.Build.0 = Release|Any CPU
		{4DDBABF1-C32A-4EDE-A761-639D123DDB17}.Debug|Any CPU.ActiveCfg = Debug|Any CPU
		{4DDBABF1-C32A-4EDE-A761-639D123DDB17}.Debug|Any CPU.Build.0 = Debug|Any CPU
		{4DDBABF1-C32A-4EDE-A761-639D123DDB17}.Release|Any CPU.ActiveCfg = Release|Any CPU
		{4DDBABF1-C32A-4EDE-A761-639D123DDB17}.Release|Any CPU.Build.0 = Release|Any CPU
		{E2B461D1-715A-41FD-B63F-CE414645E039}.Debug|Any CPU.ActiveCfg = Debug|Any CPU
		{E2B461D1-715A-41FD-B63F-CE414645E039}.Debug|Any CPU.Build.0 = Debug|Any CPU
		{E2B461D1-715A-41FD-B63F-CE414645E039}.Release|Any CPU.ActiveCfg = Release|Any CPU
		{E2B461D1-715A-41FD-B63F-CE414645E039}.Release|Any CPU.Build.0 = Release|Any CPU
		{D39F163C-ACB0-412C-9EB1-992E03F110F1}.Debug|Any CPU.ActiveCfg = Debug|Any CPU
		{D39F163C-ACB0-412C-9EB1-992E03F110F1}.Debug|Any CPU.Build.0 = Debug|Any CPU
		{D39F163C-ACB0-412C-9EB1-992E03F110F1}.Release|Any CPU.ActiveCfg = Release|Any CPU
		{D39F163C-ACB0-412C-9EB1-992E03F110F1}.Release|Any CPU.Build.0 = Release|Any CPU
		{8D839073-8F14-4C90-91EE-41CCCF2576FB}.Debug|Any CPU.ActiveCfg = Debug|Any CPU
		{8D839073-8F14-4C90-91EE-41CCCF2576FB}.Debug|Any CPU.Build.0 = Debug|Any CPU
		{8D839073-8F14-4C90-91EE-41CCCF2576FB}.Release|Any CPU.ActiveCfg = Release|Any CPU
		{8D839073-8F14-4C90-91EE-41CCCF2576FB}.Release|Any CPU.Build.0 = Release|Any CPU
		{B7491038-C1BD-46BE-BEA0-CA730099815F}.Debug|Any CPU.ActiveCfg = Debug|Any CPU
		{B7491038-C1BD-46BE-BEA0-CA730099815F}.Debug|Any CPU.Build.0 = Debug|Any CPU
		{B7491038-C1BD-46BE-BEA0-CA730099815F}.Release|Any CPU.ActiveCfg = Release|Any CPU
		{B7491038-C1BD-46BE-BEA0-CA730099815F}.Release|Any CPU.Build.0 = Release|Any CPU
	EndGlobalSection
	GlobalSection(SolutionProperties) = preSolution
		HideSolutionNode = FALSE
	EndGlobalSection
	GlobalSection(ExtensibilityGlobals) = postSolution
		SolutionGuid = {EABEE29A-E6EB-4EF1-805C-34D6FF8F3E57}
	EndGlobalSection
EndGlobal
